
Microsoft Visual Studio Solution File, Format Version 12.00
# Visual Studio Version 17
VisualStudioVersion = 17.11.35222.181
MinimumVisualStudioVersion = 10.0.40219.1
Project("{FAE04EC0-301F-11D3-BF4B-00C04F79EFBC}") = "HclsPro", "HclsPro\HclsPro.csproj", "{592BEB9A-1713-460C-8CC8-6D66C8BFF55B}"
EndProject
Project("{FAE04EC0-301F-11D3-BF4B-00C04F79EFBC}") = "HclsPro.Tests", "HclsPro.Tests\HclsPro.Tests.csproj", "{EE228742-7DE6-490C-8F1D-7660901EC199}"
EndProject
Global
	GlobalSection(SolutionConfigurationPlatforms) = preSolution
		Debug|Any CPU = Debug|Any CPU
		Release|Any CPU = Release|Any CPU
	EndGlobalSection
	GlobalSection(ProjectConfigurationPlatforms) = postSolution
		{592BEB9A-1713-460C-8CC8-6D66C8BFF55B}.Debug|Any CPU.ActiveCfg = Debug|Any CPU
		{592BEB9A-1713-460C-8CC8-6D66C8BFF55B}.Debug|Any CPU.Build.0 = Debug|Any CPU
		{592BEB9A-1713-460C-8CC8-6D66C8BFF55B}.Release|Any CPU.ActiveCfg = Release|Any CPU
		{592BEB9A-1713-460C-8CC8-6D66C8BFF55B}.Release|Any CPU.Build.0 = Release|Any CPU
		{EE228742-7DE6-490C-8F1D-7660901EC199}.Debug|Any CPU.ActiveCfg = Debug|Any CPU
		{EE228742-7DE6-490C-8F1D-7660901EC199}.Debug|Any CPU.Build.0 = Debug|Any CPU
		{EE228742-7DE6-490C-8F1D-7660901EC199}.Release|Any CPU.ActiveCfg = Release|Any CPU
		{EE228742-7DE6-490C-8F1D-7660901EC199}.Release|Any CPU.Build.0 = Release|Any CPU
	EndGlobalSection
	GlobalSection(SolutionProperties) = preSolution
		HideSolutionNode = FALSE
	EndGlobalSection
	GlobalSection(ExtensibilityGlobals) = postSolution
		SolutionGuid = {AFBFBBCC-01D1-4269-834E-E1C068483C55}
	EndGlobalSection
EndGlobal
